
Microsoft Visual Studio Solution File, Format Version 12.00
# Visual Studio 15
Project("{FAE04EC0-301F-11D3-BF4B-00C04F79EFBC}") = "Assembly-CSharp", "Assembly-CSharp.csproj", "{BE8FD14D-828B-08C5-4E05-AE3EF4E16A11}"
EndProject
Project("{FAE04EC0-301F-11D3-BF4B-00C04F79EFBC}") = "Assembly-CSharp-Editor", "Assembly-CSharp-Editor.csproj", "{714102EA-D1EC-1A6E-6D58-8081EF33ED55}"
EndProject
Global
	GlobalSection(SolutionConfigurationPlatforms) = preSolution
		Debug|Any CPU = Debug|Any CPU
		Release|Any CPU = Release|Any CPU
	EndGlobalSection
	GlobalSection(ProjectConfigurationPlatforms) = postSolution
		{BE8FD14D-828B-08C5-4E05-AE3EF4E16A11}.Debug|Any CPU.ActiveCfg = Debug|Any CPU
		{BE8FD14D-828B-08C5-4E05-AE3EF4E16A11}.Debug|Any CPU.Build.0 = Debug|Any CPU
		{BE8FD14D-828B-08C5-4E05-AE3EF4E16A11}.Release|Any CPU.ActiveCfg = Release|Any CPU
		{BE8FD14D-828B-08C5-4E05-AE3EF4E16A11}.Release|Any CPU.Build.0 = Release|Any CPU
		{714102EA-D1EC-1A6E-6D58-8081EF33ED55}.Debug|Any CPU.ActiveCfg = Debug|Any CPU
		{714102EA-D1EC-1A6E-6D58-8081EF33ED55}.Debug|Any CPU.Build.0 = Debug|Any CPU
		{714102EA-D1EC-1A6E-6D58-8081EF33ED55}.Release|Any CPU.ActiveCfg = Release|Any CPU
		{714102EA-D1EC-1A6E-6D58-8081EF33ED55}.Release|Any CPU.Build.0 = Release|Any CPU
	EndGlobalSection
	GlobalSection(SolutionProperties) = preSolution
		HideSolutionNode = FALSE
	EndGlobalSection
EndGlobal
