
Microsoft Visual Studio Solution File, Format Version 12.00
# Visual Studio Version 16
VisualStudioVersion = 16.0.29911.84
MinimumVisualStudioVersion = 10.0.40219.1
Project("{FAE04EC0-301F-11D3-BF4B-00C04F79EFBC}") = "Assembly-CSharp", "Assembly-CSharp.csproj", "{08084A5A-063A-976B-DBE4-A558C277AB4B}"
EndProject
Project("{FAE04EC0-301F-11D3-BF4B-00C04F79EFBC}") = "Assembly-CSharp-Editor", "Assembly-CSharp-Editor.csproj", "{FB438FBB-DAA9-6CF7-0D9F-65BC44445187}"
EndProject
Global
	GlobalSection(SolutionConfigurationPlatforms) = preSolution
		Debug|Any CPU = Debug|Any CPU
		Release|Any CPU = Release|Any CPU
	EndGlobalSection
	GlobalSection(ProjectConfigurationPlatforms) = postSolution
		{08084A5A-063A-976B-DBE4-A558C277AB4B}.Debug|Any CPU.ActiveCfg = Debug|Any CPU
		{08084A5A-063A-976B-DBE4-A558C277AB4B}.Debug|Any CPU.Build.0 = Debug|Any CPU
		{08084A5A-063A-976B-DBE4-A558C277AB4B}.Release|Any CPU.ActiveCfg = Release|Any CPU
		{08084A5A-063A-976B-DBE4-A558C277AB4B}.Release|Any CPU.Build.0 = Release|Any CPU
		{FB438FBB-DAA9-6CF7-0D9F-65BC44445187}.Debug|Any CPU.ActiveCfg = Debug|Any CPU
		{FB438FBB-DAA9-6CF7-0D9F-65BC44445187}.Debug|Any CPU.Build.0 = Debug|Any CPU
		{FB438FBB-DAA9-6CF7-0D9F-65BC44445187}.Release|Any CPU.ActiveCfg = Release|Any CPU
		{FB438FBB-DAA9-6CF7-0D9F-65BC44445187}.Release|Any CPU.Build.0 = Release|Any CPU
	EndGlobalSection
	GlobalSection(SolutionProperties) = preSolution
		HideSolutionNode = FALSE
	EndGlobalSection
	GlobalSection(ExtensibilityGlobals) = postSolution
		SolutionGuid = {443727C9-5AE4-4CB3-87A6-3143B5E36978}
	EndGlobalSection
EndGlobal
